
Microsoft Visual Studio Solution File, Format Version 12.00
Project("{FAE04EC0-301F-11D3-BF4B-00C04F79EFBC}") = "SimpleCalculator", "Section02\SimpleCalculator\SimpleCalculator.csproj", "{C414A3CC-2331-468F-9489-CBB0802DCB8C}"
EndProject
Project("{FAE04EC0-301F-11D3-BF4B-00C04F79EFBC}") = "TodoList", "Section02\TodoList\TodoList.csproj", "{FF9CB6E3-209C-4132-9362-50708CB9FD65}"
EndProject
Global
	GlobalSection(SolutionConfigurationPlatforms) = preSolution
		Debug|Any CPU = Debug|Any CPU
		Release|Any CPU = Release|Any CPU
	EndGlobalSection
	GlobalSection(ProjectConfigurationPlatforms) = postSolution
		{C414A3CC-2331-468F-9489-CBB0802DCB8C}.Debug|Any CPU.ActiveCfg = Debug|Any CPU
		{C414A3CC-2331-468F-9489-CBB0802DCB8C}.Debug|Any CPU.Build.0 = Debug|Any CPU
		{C414A3CC-2331-468F-9489-CBB0802DCB8C}.Release|Any CPU.ActiveCfg = Release|Any CPU
		{C414A3CC-2331-468F-9489-CBB0802DCB8C}.Release|Any CPU.Build.0 = Release|Any CPU
		{FF9CB6E3-209C-4132-9362-50708CB9FD65}.Debug|Any CPU.ActiveCfg = Debug|Any CPU
		{FF9CB6E3-209C-4132-9362-50708CB9FD65}.Debug|Any CPU.Build.0 = Debug|Any CPU
		{FF9CB6E3-209C-4132-9362-50708CB9FD65}.Release|Any CPU.ActiveCfg = Release|Any CPU
		{FF9CB6E3-209C-4132-9362-50708CB9FD65}.Release|Any CPU.Build.0 = Release|Any CPU
	EndGlobalSection
EndGlobal
